
Microsoft Visual Studio Solution File, Format Version 12.00
# Visual Studio 15
VisualStudioVersion = 15.0.27703.2047
MinimumVisualStudioVersion = 10.0.40219.1
Project("{FAE04EC0-301F-11D3-BF4B-00C04F79EFBC}") = "clase1.1", "clase1.1\clase1.1.csproj", "{48A221DE-31D0-4214-B33E-2E76B22C4369}"
EndProject
Global
	GlobalSection(SolutionConfigurationPlatforms) = preSolution
		Debug|Any CPU = Debug|Any CPU
		Release|Any CPU = Release|Any CPU
	EndGlobalSection
	GlobalSection(ProjectConfigurationPlatforms) = postSolution
		{48A221DE-31D0-4214-B33E-2E76B22C4369}.Debug|Any CPU.ActiveCfg = Debug|Any CPU
		{48A221DE-31D0-4214-B33E-2E76B22C4369}.Debug|Any CPU.Build.0 = Debug|Any CPU
		{48A221DE-31D0-4214-B33E-2E76B22C4369}.Release|Any CPU.ActiveCfg = Release|Any CPU
		{48A221DE-31D0-4214-B33E-2E76B22C4369}.Release|Any CPU.Build.0 = Release|Any CPU
	EndGlobalSection
	GlobalSection(SolutionProperties) = preSolution
		HideSolutionNode = FALSE
	EndGlobalSection
	GlobalSection(ExtensibilityGlobals) = postSolution
		SolutionGuid = {97FA03A5-8712-4804-9224-492A7FFCBC2D}
	EndGlobalSection
EndGlobal
