
Microsoft Visual Studio Solution File, Format Version 12.00
# Visual Studio 15
VisualStudioVersion = 15.0.27703.2047
MinimumVisualStudioVersion = 10.0.40219.1
Project("{FAE04EC0-301F-11D3-BF4B-00C04F79EFBC}") = "clase1.3", "clase1.3\clase1.3.csproj", "{81119528-FFFA-4D50-B852-2F8E255C878C}"
EndProject
Global
	GlobalSection(SolutionConfigurationPlatforms) = preSolution
		Debug|Any CPU = Debug|Any CPU
		Release|Any CPU = Release|Any CPU
	EndGlobalSection
	GlobalSection(ProjectConfigurationPlatforms) = postSolution
		{81119528-FFFA-4D50-B852-2F8E255C878C}.Debug|Any CPU.ActiveCfg = Debug|Any CPU
		{81119528-FFFA-4D50-B852-2F8E255C878C}.Debug|Any CPU.Build.0 = Debug|Any CPU
		{81119528-FFFA-4D50-B852-2F8E255C878C}.Release|Any CPU.ActiveCfg = Release|Any CPU
		{81119528-FFFA-4D50-B852-2F8E255C878C}.Release|Any CPU.Build.0 = Release|Any CPU
	EndGlobalSection
	GlobalSection(SolutionProperties) = preSolution
		HideSolutionNode = FALSE
	EndGlobalSection
	GlobalSection(ExtensibilityGlobals) = postSolution
		SolutionGuid = {864921EB-7861-4CD4-AC9E-051412945B0A}
	EndGlobalSection
EndGlobal
